// !$*UTF8*$!
{
	archiveVersion = 1;
	classes = {
	};
	objectVersion = 46;
	objects = {

/* Begin PBXBuildFile section */
		BB44DB231C7DAEEE00093B88 /* CollectionViewCell.swift in Sources */ = {isa = PBXBuildFile; fileRef = BB44DB221C7DAEEE00093B88 /* CollectionViewCell.swift */; };
		BB99D2621C86EDED001B2D4A /* ViewController1.swift in Sources */ = {isa = PBXBuildFile; fileRef = BB99D2611C86EDED001B2D4A /* ViewController1.swift */; };
		BB99D2641C86EE09001B2D4A /* ViewController2.swift in Sources */ = {isa = PBXBuildFile; fileRef = BB99D2631C86EE09001B2D4A /* ViewController2.swift */; };
		BB99D2661C86EE15001B2D4A /* ViewController3.swift in Sources */ = {isa = PBXBuildFile; fileRef = BB99D2651C86EE15001B2D4A /* ViewController3.swift */; };
		BBC99A9C1C7B098F00EA0C76 /* AppDelegate.swift in Sources */ = {isa = PBXBuildFile; fileRef = BBC99A9B1C7B098F00EA0C76 /* AppDelegate.swift */; };
		BBC99A9E1C7B098F00EA0C76 /* ViewController.swift in Sources */ = {isa = PBXBuildFile; fileRef = BBC99A9D1C7B098F00EA0C76 /* ViewController.swift */; };
		BBC99AA11C7B098F00EA0C76 /* Main.storyboard in Resources */ = {isa = PBXBuildFile; fileRef = BBC99A9F1C7B098F00EA0C76 /* Main.storyboard */; };
		BBC99AA31C7B098F00EA0C76 /* Assets.xcassets in Resources */ = {isa = PBXBuildFile; fileRef = BBC99AA21C7B098F00EA0C76 /* Assets.xcassets */; };
		BBC99AA61C7B098F00EA0C76 /* LaunchScreen.storyboard in Resources */ = {isa = PBXBuildFile; fileRef = BBC99AA41C7B098F00EA0C76 /* LaunchScreen.storyboard */; };
		BBC99AB11C7B098F00EA0C76 /* chevroletTests.swift in Sources */ = {isa = PBXBuildFile; fileRef = BBC99AB01C7B098F00EA0C76 /* chevroletTests.swift */; };
		BBC99ABC1C7B098F00EA0C76 /* chevroletUITests.swift in Sources */ = {isa = PBXBuildFile; fileRef = BBC99ABB1C7B098F00EA0C76 /* chevroletUITests.swift */; };
/* End PBXBuildFile section */

/* Begin PBXContainerItemProxy section */
		BBC99AAD1C7B098F00EA0C76 /* PBXContainerItemProxy */ = {
			isa = PBXContainerItemProxy;
			containerPortal = BBC99A901C7B098F00EA0C76 /* Project object */;
			proxyType = 1;
			remoteGlobalIDString = BBC99A971C7B098F00EA0C76;
			remoteInfo = chevrolet;
		};
		BBC99AB81C7B098F00EA0C76 /* PBXContainerItemProxy */ = {
			isa = PBXContainerItemProxy;
			containerPortal = BBC99A901C7B098F00EA0C76 /* Project object */;
			proxyType = 1;
			remoteGlobalIDString = BBC99A971C7B098F00EA0C76;
			remoteInfo = chevrolet;
		};
/* End PBXContainerItemProxy section */

/* Begin PBXFileReference section */
		BB44DB221C7DAEEE00093B88 /* CollectionViewCell.swift */ = {isa = PBXFileReference; fileEncoding = 4; lastKnownFileType = sourcecode.swift; path = CollectionViewCell.swift; sourceTree = "<group>"; };
		BB99D2611C86EDED001B2D4A /* ViewController1.swift */ = {isa = PBXFileReference; fileEncoding = 4; lastKnownFileType = sourcecode.swift; path = ViewController1.swift; sourceTree = "<group>"; };
		BB99D2631C86EE09001B2D4A /* ViewController2.swift */ = {isa = PBXFileReference; fileEncoding = 4; lastKnownFileType = sourcecode.swift; path = ViewController2.swift; sourceTree = "<group>"; };
		BB99D2651C86EE15001B2D4A /* ViewController3.swift */ = {isa = PBXFileReference; fileEncoding = 4; lastKnownFileType = sourcecode.swift; path = ViewController3.swift; sourceTree = "<group>"; };
		BBC99A981C7B098F00EA0C76 /* chevrolet.app */ = {isa = PBXFileReference; explicitFileType = wrapper.application; includeInIndex = 0; path = chevrolet.app; sourceTree = BUILT_PRODUCTS_DIR; };
		BBC99A9B1C7B098F00EA0C76 /* AppDelegate.swift */ = {isa = PBXFileReference; lastKnownFileType = sourcecode.swift; path = AppDelegate.swift; sourceTree = "<group>"; };
		BBC99A9D1C7B098F00EA0C76 /* ViewController.swift */ = {isa = PBXFileReference; lastKnownFileType = sourcecode.swift; path = ViewController.swift; sourceTree = "<group>"; };
		BBC99AA01C7B098F00EA0C76 /* Base */ = {isa = PBXFileReference; lastKnownFileType = file.storyboard; name = Base; path = Base.lproj/Main.storyboard; sourceTree = "<group>"; };
		BBC99AA21C7B098F00EA0C76 /* Assets.xcassets */ = {isa = PBXFileReference; lastKnownFileType = folder.assetcatalog; path = Assets.xcassets; sourceTree = "<group>"; };
		BBC99AA51C7B098F00EA0C76 /* Base */ = {isa = PBXFileReference; lastKnownFileType = file.storyboard; name = Base; path = Base.lproj/LaunchScreen.storyboard; sourceTree = "<group>"; };
		BBC99AA71C7B098F00EA0C76 /* Info.plist */ = {isa = PBXFileReference; lastKnownFileType = text.plist.xml; path = Info.plist; sourceTree = "<group>"; };
		BBC99AAC1C7B098F00EA0C76 /* chevroletTests.xctest */ = {isa = PBXFileReference; explicitFileType = wrapper.cfbundle; includeInIndex = 0; path = chevroletTests.xctest; sourceTree = BUILT_PRODUCTS_DIR; };
		BBC99AB01C7B098F00EA0C76 /* chevroletTests.swift */ = {isa = PBXFileReference; lastKnownFileType = sourcecode.swift; path = chevroletTests.swift; sourceTree = "<group>"; };
		BBC99AB21C7B098F00EA0C76 /* Info.plist */ = {isa = PBXFileReference; lastKnownFileType = text.plist.xml; path = Info.plist; sourceTree = "<group>"; };
		BBC99AB71C7B098F00EA0C76 /* chevroletUITests.xctest */ = {isa = PBXFileReference; explicitFileType = wrapper.cfbundle; includeInIndex = 0; path = chevroletUITests.xctest; sourceTree = BUILT_PRODUCTS_DIR; };
		BBC99ABB1C7B098F00EA0C76 /* chevroletUITests.swift */ = {isa = PBXFileReference; lastKnownFileType = sourcecode.swift; path = chevroletUITests.swift; sourceTree = "<group>"; };
		BBC99ABD1C7B098F00EA0C76 /* Info.plist */ = {isa = PBXFileReference; lastKnownFileType = text.plist.xml; path = Info.plist; sourceTree = "<group>"; };
/* End PBXFileReference section */

/* Begin PBXFrameworksBuildPhase section */
		BBC99A951C7B098F00EA0C76 /* Frameworks */ = {
			isa = PBXFrameworksBuildPhase;
			buildActionMask = 2147483647;
			files = (
			);
			runOnlyForDeploymentPostprocessing = 0;
		};
		BBC99AA91C7B098F00EA0C76 /* Frameworks */ = {
			isa = PBXFrameworksBuildPhase;
			buildActionMask = 2147483647;
			files = (
			);
			runOnlyForDeploymentPostprocessing = 0;
		};
		BBC99AB41C7B098F00EA0C76 /* Frameworks */ = {
			isa = PBXFrameworksBuildPhase;
			buildActionMask = 2147483647;
			files = (
			);
			runOnlyForDeploymentPostprocessing = 0;
		};
/* End PBXFrameworksBuildPhase section */

/* Begin PBXGroup section */
		BBC99A8F1C7B098F00EA0C76 = {
			isa = PBXGroup;
			children = (
				BBC99A9A1C7B098F00EA0C76 /* chevrolet */,
				BBC99AAF1C7B098F00EA0C76 /* chevroletTests */,
				BBC99ABA1C7B098F00EA0C76 /* chevroletUITests */,
				BBC99A991C7B098F00EA0C76 /* Products */,
			);
			sourceTree = "<group>";
		};
		BBC99A991C7B098F00EA0C76 /* Products */ = {
			isa = PBXGroup;
			children = (
				BBC99A981C7B098F00EA0C76 /* chevrolet.app */,
				BBC99AAC1C7B098F00EA0C76 /* chevroletTests.xctest */,
				BBC99AB71C7B098F00EA0C76 /* chevroletUITests.xctest */,
			);
			name = Products;
			sourceTree = "<group>";
		};
		BBC99A9A1C7B098F00EA0C76 /* chevrolet */ = {
			isa = PBXGroup;
			children = (
				BBC99A9B1C7B098F00EA0C76 /* AppDelegate.swift */,
				BBC99A9D1C7B098F00EA0C76 /* ViewController.swift */,
				BB44DB221C7DAEEE00093B88 /* CollectionViewCell.swift */,
				BB99D2611C86EDED001B2D4A /* ViewController1.swift */,
				BB99D2631C86EE09001B2D4A /* ViewController2.swift */,
				BB99D2651C86EE15001B2D4A /* ViewController3.swift */,
				BBC99A9F1C7B098F00EA0C76 /* Main.storyboard */,
				BBC99AA21C7B098F00EA0C76 /* Assets.xcassets */,
				BBC99AA41C7B098F00EA0C76 /* LaunchScreen.storyboard */,
				BBC99AA71C7B098F00EA0C76 /* Info.plist */,
			);
			path = chevrolet;
			sourceTree = "<group>";
		};
		BBC99AAF1C7B098F00EA0C76 /* chevroletTests */ = {
			isa = PBXGroup;
			children = (
				BBC99AB01C7B098F00EA0C76 /* chevroletTests.swift */,
				BBC99AB21C7B098F00EA0C76 /* Info.plist */,
			);
			path = chevroletTests;
			sourceTree = "<group>";
		};
		BBC99ABA1C7B098F00EA0C76 /* chevroletUITests */ = {
			isa = PBXGroup;
			children = (
				BBC99ABB1C7B098F00EA0C76 /* chevroletUITests.swift */,
				BBC99ABD1C7B098F00EA0C76 /* Info.plist */,
			);
			path = chevroletUITests;
			sourceTree = "<group>";
		};
/* End PBXGroup section */

/* Begin PBXNativeTarget section */
		BBC99A971C7B098F00EA0C76 /* chevrolet */ = {
			isa = PBXNativeTarget;
			buildConfigurationList = BBC99AC01C7B098F00EA0C76 /* Build configuration list for PBXNativeTarget "chevrolet" */;
			buildPhases = (
				BBC99A941C7B098F00EA0C76 /* Sources */,
				BBC99A951C7B098F00EA0C76 /* Frameworks */,
				BBC99A961C7B098F00EA0C76 /* Resources */,
			);
			buildRules = (
			);
			dependencies = (
			);
			name = chevrolet;
			productName = chevrolet;
			productReference = BBC99A981C7B098F00EA0C76 /* chevrolet.app */;
			productType = "com.apple.product-type.application";
		};
		BBC99AAB1C7B098F00EA0C76 /* chevroletTests */ = {
			isa = PBXNativeTarget;
			buildConfigurationList = BBC99AC31C7B098F00EA0C76 /* Build configuration list for PBXNativeTarget "chevroletTests" */;
			buildPhases = (
				BBC99AA81C7B098F00EA0C76 /* Sources */,
				BBC99AA91C7B098F00EA0C76 /* Frameworks */,
				BBC99AAA1C7B098F00EA0C76 /* Resources */,
			);
			buildRules = (
			);
			dependencies = (
				BBC99AAE1C7B098F00EA0C76 /* PBXTargetDependency */,
			);
			name = chevroletTests;
			productName = chevroletTests;
			productReference = BBC99AAC1C7B098F00EA0C76 /* chevroletTests.xctest */;
			productType = "com.apple.product-type.bundle.unit-test";
		};
		BBC99AB61C7B098F00EA0C76 /* chevroletUITests */ = {
			isa = PBXNativeTarget;
			buildConfigurationList = BBC99AC61C7B098F00EA0C76 /* Build configuration list for PBXNativeTarget "chevroletUITests" */;
			buildPhases = (
				BBC99AB31C7B098F00EA0C76 /* Sources */,
				BBC99AB41C7B098F00EA0C76 /* Frameworks */,
				BBC99AB51C7B098F00EA0C76 /* Resources */,
			);
			buildRules = (
			);
			dependencies = (
				BBC99AB91C7B098F00EA0C76 /* PBXTargetDependency */,
			);
			name = chevroletUITests;
			productName = chevroletUITests;
			productReference = BBC99AB71C7B098F00EA0C76 /* chevroletUITests.xctest */;
			productType = "com.apple.product-type.bundle.ui-testing";
		};
/* End PBXNativeTarget section */

/* Begin PBXProject section */
		BBC99A901C7B098F00EA0C76 /* Project object */ = {
			isa = PBXProject;
			attributes = {
				LastSwiftUpdateCheck = 0720;
				LastUpgradeCheck = 0720;
				ORGANIZATIONNAME = gm;
				TargetAttributes = {
					BBC99A971C7B098F00EA0C76 = {
						CreatedOnToolsVersion = 7.2;
						DevelopmentTeam = 8V9Y9FXYJU;
					};
					BBC99AAB1C7B098F00EA0C76 = {
						CreatedOnToolsVersion = 7.2;
						TestTargetID = BBC99A971C7B098F00EA0C76;
					};
					BBC99AB61C7B098F00EA0C76 = {
						CreatedOnToolsVersion = 7.2;
						TestTargetID = BBC99A971C7B098F00EA0C76;
					};
				};
			};
			buildConfigurationList = BBC99A931C7B098F00EA0C76 /* Build configuration list for PBXProject "chevrolet" */;
			compatibilityVersion = "Xcode 3.2";
			developmentRegion = English;
			hasScannedForEncodings = 0;
			knownRegions = (
				en,
				Base,
			);
			mainGroup = BBC99A8F1C7B098F00EA0C76;
			productRefGroup = BBC99A991C7B098F00EA0C76 /* Products */;
			projectDirPath = "";
			projectRoot = "";
			targets = (
				BBC99A971C7B098F00EA0C76 /* chevrolet */,
				BBC99AAB1C7B098F00EA0C76 /* chevroletTests */,
				BBC99AB61C7B098F00EA0C76 /* chevroletUITests */,
			);
		};
/* End PBXProject section */

/* Begin PBXResourcesBuildPhase section */
		BBC99A961C7B098F00EA0C76 /* Resources */ = {
			isa = PBXResourcesBuildPhase;
			buildActionMask = 2147483647;
			files = (
				BBC99AA61C7B098F00EA0C76 /* LaunchScreen.storyboard in Resources */,
				BBC99AA31C7B098F00EA0C76 /* Assets.xcassets in Resources */,
				BBC99AA11C7B098F00EA0C76 /* Main.storyboard in Resources */,
			);
			runOnlyForDeploymentPostprocessing = 0;
		};
		BBC99AAA1C7B098F00EA0C76 /* Resources */ = {
			isa = PBXResourcesBuildPhase;
			buildActionMask = 2147483647;
			files = (
			);
			runOnlyForDeploymentPostprocessing = 0;
		};
		BBC99AB51C7B098F00EA0C76 /* Resources */ = {
			isa = PBXResourcesBuildPhase;
			buildActionMask = 2147483647;
			files = (
			);
			runOnlyForDeploymentPostprocessing = 0;
		};
/* End PBXResourcesBuildPhase section */

/* Begin PBXSourcesBuildPhase section */
		BBC99A941C7B098F00EA0C76 /* Sources */ = {
			isa = PBXSourcesBuildPhase;
			buildActionMask = 2147483647;
			files = (
				BB99D2641C86EE09001B2D4A /* ViewController2.swift in Sources */,
				BB99D2621C86EDED001B2D4A /* ViewController1.swift in Sources */,
				BB99D2661C86EE15001B2D4A /* ViewController3.swift in Sources */,
				BBC99A9E1C7B098F00EA0C76 /* ViewController.swift in Sources */,
				BBC99A9C1C7B098F00EA0C76 /* AppDelegate.swift in Sources */,
				BB44DB231C7DAEEE00093B88 /* CollectionViewCell.swift in Sources */,
			);
			runOnlyForDeploymentPostprocessing = 0;
		};
		BBC99AA81C7B098F00EA0C76 /* Sources */ = {
			isa = PBXSourcesBuildPhase;
			buildActionMask = 2147483647;
			files = (
				BBC99AB11C7B098F00EA0C76 /* chevroletTests.swift in Sources */,
			);
			runOnlyForDeploymentPostprocessing = 0;
		};
		BBC99AB31C7B098F00EA0C76 /* Sources */ = {
			isa = PBXSourcesBuildPhase;
			buildActionMask = 2147483647;
			files = (
				BBC99ABC1C7B098F00EA0C76 /* chevroletUITests.swift in Sources */,
			);
			runOnlyForDeploymentPostprocessing = 0;
		};
/* End PBXSourcesBuildPhase section */

/* Begin PBXTargetDependency section */
		BBC99AAE1C7B098F00EA0C76 /* PBXTargetDependency */ = {
			isa = PBXTargetDependency;
			target = BBC99A971C7B098F00EA0C76 /* chevrolet */;
			targetProxy = BBC99AAD1C7B098F00EA0C76 /* PBXContainerItemProxy */;
		};
		BBC99AB91C7B098F00EA0C76 /* PBXTargetDependency */ = {
			isa = PBXTargetDependency;
			target = BBC99A971C7B098F00EA0C76 /* chevrolet */;
			targetProxy = BBC99AB81C7B098F00EA0C76 /* PBXContainerItemProxy */;
		};
/* End PBXTargetDependency section */

/* Begin PBXVariantGroup section */
		BBC99A9F1C7B098F00EA0C76 /* Main.storyboard */ = {
			isa = PBXVariantGroup;
			children = (
				BBC99AA01C7B098F00EA0C76 /* Base */,
			);
			name = Main.storyboard;
			sourceTree = "<group>";
		};
		BBC99AA41C7B098F00EA0C76 /* LaunchScreen.storyboard */ = {
			isa = PBXVariantGroup;
			children = (
				BBC99AA51C7B098F00EA0C76 /* Base */,
			);
			name = LaunchScreen.storyboard;
			sourceTree = "<group>";
		};
/* End PBXVariantGroup section */

/* Begin XCBuildConfiguration section */
		BBC99ABE1C7B098F00EA0C76 /* Debug */ = {
			isa = XCBuildConfiguration;
			buildSettings = {
				ALWAYS_SEARCH_USER_PATHS = NO;
				CLANG_CXX_LANGUAGE_STANDARD = "gnu++0x";
				CLANG_CXX_LIBRARY = "libc++";
				CLANG_ENABLE_MODULES = YES;
				CLANG_ENABLE_OBJC_ARC = YES;
				CLANG_WARN_BOOL_CONVERSION = YES;
				CLANG_WARN_CONSTANT_CONVERSION = YES;
				CLANG_WARN_DIRECT_OBJC_ISA_USAGE = YES_ERROR;
				CLANG_WARN_EMPTY_BODY = YES;
				CLANG_WARN_ENUM_CONVERSION = YES;
				CLANG_WARN_INT_CONVERSION = YES;
				CLANG_WARN_OBJC_ROOT_CLASS = YES_ERROR;
				CLANG_WARN_UNREACHABLE_CODE = YES;
				CLANG_WARN__DUPLICATE_METHOD_MATCH = YES;
				"CODE_SIGN_IDENTITY[sdk=iphoneos*]" = "iPhone Developer";
				COPY_PHASE_STRIP = NO;
				DEBUG_INFORMATION_FORMAT = dwarf;
				ENABLE_STRICT_OBJC_MSGSEND = YES;
				ENABLE_TESTABILITY = YES;
				GCC_C_LANGUAGE_STANDARD = gnu99;
				GCC_DYNAMIC_NO_PIC = NO;
				GCC_NO_COMMON_BLOCKS = YES;
				GCC_OPTIMIZATION_LEVEL = 0;
				GCC_PREPROCESSOR_DEFINITIONS = (
					"DEBUG=1",
					"$(inherited)",
				);
				GCC_WARN_64_TO_32_BIT_CONVERSION = YES;
				GCC_WARN_ABOUT_RETURN_TYPE = YES_ERROR;
				GCC_WARN_UNDECLARED_SELECTOR = YES;
				GCC_WARN_UNINITIALIZED_AUTOS = YES_AGGRESSIVE;
				GCC_WARN_UNUSED_FUNCTION = YES;
				GCC_WARN_UNUSED_VARIABLE = YES;
				IPHONEOS_DEPLOYMENT_TARGET = 9.2;
				MTL_ENABLE_DEBUG_INFO = YES;
				ONLY_ACTIVE_ARCH = YES;
				SDKROOT = iphoneos;
				SWIFT_OPTIMIZATION_LEVEL = "-Onone";
				TARGETED_DEVICE_FAMILY = 2;
			};
			name = Debug;
		};
		BBC99ABF1C7B098F00EA0C76 /* Release */ = {
			isa = XCBuildConfiguration;
			buildSettings = {
				ALWAYS_SEARCH_USER_PATHS = NO;
				CLANG_CXX_LANGUAGE_STANDARD = "gnu++0x";
				CLANG_CXX_LIBRARY = "libc++";
				CLANG_ENABLE_MODULES = YES;
				CLANG_ENABLE_OBJC_ARC = YES;
				CLANG_WARN_BOOL_CONVERSION = YES;
				CLANG_WARN_CONSTANT_CONVERSION = YES;
				CLANG_WARN_DIRECT_OBJC_ISA_USAGE = YES_ERROR;
				CLANG_WARN_EMPTY_BODY = YES;
				CLANG_WARN_ENUM_CONVERSION = YES;
				CLANG_WARN_INT_CONVERSION = YES;
				CLANG_WARN_OBJC_ROOT_CLASS = YES_ERROR;
				CLANG_WARN_UNREACHABLE_CODE = YES;
				CLANG_WARN__DUPLICATE_METHOD_MATCH = YES;
				"CODE_SIGN_IDENTITY[sdk=iphoneos*]" = "iPhone Developer";
				COPY_PHASE_STRIP = NO;
				DEBUG_INFORMATION_FORMAT = "dwarf-with-dsym";
				ENABLE_NS_ASSERTIONS = NO;
				ENABLE_STRICT_OBJC_MSGSEND = YES;
				GCC_C_LANGUAGE_STANDARD = gnu99;
				GCC_NO_COMMON_BLOCKS = YES;
				GCC_WARN_64_TO_32_BIT_CONVERSION = YES;
				GCC_WARN_ABOUT_RETURN_TYPE = YES_ERROR;
				GCC_WARN_UNDECLARED_SELECTOR = YES;
				GCC_WARN_UNINITIALIZED_AUTOS = YES_AGGRESSIVE;
				GCC_WARN_UNUSED_FUNCTION = YES;
				GCC_WARN_UNUSED_VARIABLE = YES;
				IPHONEOS_DEPLOYMENT_TARGET = 9.2;
				MTL_ENABLE_DEBUG_INFO = NO;
				SDKROOT = iphoneos;
				TARGETED_DEVICE_FAMILY = 2;
				VALIDATE_PRODUCT = YES;
			};
			name = Release;
		};
		BBC99AC11C7B098F00EA0C76 /* Debug */ = {
			isa = XCBuildConfiguration;
			buildSettings = {
				ASSETCATALOG_COMPILER_APPICON_NAME = AppIcon;
				CODE_SIGN_IDENTITY = "iPhone Developer";
				"CODE_SIGN_IDENTITY[sdk=iphoneos*]" = "iPhone Developer";
				INFOPLIST_FILE = chevrolet/Info.plist;
				LD_RUNPATH_SEARCH_PATHS = "$(inherited) @executable_path/Frameworks";
				PRODUCT_BUNDLE_IDENTIFIER = com.gm.chevrolet;
				PRODUCT_NAME = "$(TARGET_NAME)";
				PROVISIONING_PROFILE = "";
			};
			name = Debug;
		};
		BBC99AC21C7B098F00EA0C76 /* Release */ = {
			isa = XCBuildConfiguration;
			buildSettings = {
				ASSETCATALOG_COMPILER_APPICON_NAME = AppIcon;
				CODE_SIGN_IDENTITY = "iPhone Developer";
				"CODE_SIGN_IDENTITY[sdk=iphoneos*]" = "iPhone Developer";
				INFOPLIST_FILE = chevrolet/Info.plist;
				LD_RUNPATH_SEARCH_PATHS = "$(inherited) @executable_path/Frameworks";
				PRODUCT_BUNDLE_IDENTIFIER = com.gm.chevrolet;
				PRODUCT_NAME = "$(TARGET_NAME)";
				PROVISIONING_PROFILE = "";
			};
			name = Release;
		};
		BBC99AC41C7B098F00EA0C76 /* Debug */ = {
			isa = XCBuildConfiguration;
			buildSettings = {
				BUNDLE_LOADER = "$(TEST_HOST)";
				INFOPLIST_FILE = chevroletTests/Info.plist;
				LD_RUNPATH_SEARCH_PATHS = "$(inherited) @executable_path/Frameworks @loader_path/Frameworks";
				PRODUCT_BUNDLE_IDENTIFIER = com.gm.chevroletTests;
				PRODUCT_NAME = "$(TARGET_NAME)";
				TEST_HOST = "$(BUILT_PRODUCTS_DIR)/chevrolet.app/chevrolet";
			};
			name = Debug;
		};
		BBC99AC51C7B098F00EA0C76 /* Release */ = {
			isa = XCBuildConfiguration;
			buildSettings = {
				BUNDLE_LOADER = "$(TEST_HOST)";
				INFOPLIST_FILE = chevroletTests/Info.plist;
				LD_RUNPATH_SEARCH_PATHS = "$(inherited) @executable_path/Frameworks @loader_path/Frameworks";
				PRODUCT_BUNDLE_IDENTIFIER = com.gm.chevroletTests;
				PRODUCT_NAME = "$(TARGET_NAME)";
				TEST_HOST = "$(BUILT_PRODUCTS_DIR)/chevrolet.app/chevrolet";
			};
			name = Release;
		};
		BBC99AC71C7B098F00EA0C76 /* Debug */ = {
			isa = XCBuildConfiguration;
			buildSettings = {
				INFOPLIST_FILE = chevroletUITests/Info.plist;
				LD_RUNPATH_SEARCH_PATHS = "$(inherited) @executable_path/Frameworks @loader_path/Frameworks";
				PRODUCT_BUNDLE_IDENTIFIER = com.gm.chevroletUITests;
				PRODUCT_NAME = "$(TARGET_NAME)";
				TEST_TARGET_NAME = chevrolet;
				USES_XCTRUNNER = YES;
			};
			name = Debug;
		};
		BBC99AC81C7B098F00EA0C76 /* Release */ = {
			isa = XCBuildConfiguration;
			buildSettings = {
				INFOPLIST_FILE = chevroletUITests/Info.plist;
				LD_RUNPATH_SEARCH_PATHS = "$(inherited) @executable_path/Frameworks @loader_path/Frameworks";
				PRODUCT_BUNDLE_IDENTIFIER = com.gm.chevroletUITests;
				PRODUCT_NAME = "$(TARGET_NAME)";
				TEST_TARGET_NAME = chevrolet;
				USES_XCTRUNNER = YES;
			};
			name = Release;
		};
/* End XCBuildConfiguration section */

/* Begin XCConfigurationList section */
		BBC99A931C7B098F00EA0C76 /* Build configuration list for PBXProject "chevrolet" */ = {
			isa = XCConfigurationList;
			buildConfigurations = (
				BBC99ABE1C7B098F00EA0C76 /* Debug */,
				BBC99ABF1C7B098F00EA0C76 /* Release */,
			);
			defaultConfigurationIsVisible = 0;
			defaultConfigurationName = Release;
		};
		BBC99AC01C7B098F00EA0C76 /* Build configuration list for PBXNativeTarget "chevrolet" */ = {
			isa = XCConfigurationList;
			buildConfigurations = (
				BBC99AC11C7B098F00EA0C76 /* Debug */,
				BBC99AC21C7B098F00EA0C76 /* Release */,
			);
			defaultConfigurationIsVisible = 0;
			defaultConfigurationName = Release;
		};
		BBC99AC31C7B098F00EA0C76 /* Build configuration list for PBXNativeTarget "chevroletTests" */ = {
			isa = XCConfigurationList;
			buildConfigurations = (
				BBC99AC41C7B098F00EA0C76 /* Debug */,
				BBC99AC51C7B098F00EA0C76 /* Release */,
			);
			defaultConfigurationIsVisible = 0;
			defaultConfigurationName = Release;
		};
		BBC99AC61C7B098F00EA0C76 /* Build configuration list for PBXNativeTarget "chevroletUITests" */ = {
			isa = XCConfigurationList;
			buildConfigurations = (
				BBC99AC71C7B098F00EA0C76 /* Debug */,
				BBC99AC81C7B098F00EA0C76 /* Release */,
			);
			defaultConfigurationIsVisible = 0;
			defaultConfigurationName = Release;
		};
/* End XCConfigurationList section */
	};
	rootObject = BBC99A901C7B098F00EA0C76 /* Project object */;
}
